
Microsoft Visual Studio Solution File, Format Version 12.00
# Visual Studio 15
VisualStudioVersion = 15.0.27130.2027
MinimumVisualStudioVersion = 10.0.40219.1
Project("{FAE04EC0-301F-11D3-BF4B-00C04F79EFBC}") = "SubwaySandwichInteractor", "SubwaySandwichInteractor\SubwaySandwichInteractor.csproj", "{5605AC80-9150-4007-B44B-8D73F794DABC}"
EndProject
Global
	GlobalSection(SolutionConfigurationPlatforms) = preSolution
		Debug|Any CPU = Debug|Any CPU
		Debug|x64 = Debug|x64
		Debug|x86 = Debug|x86
		Release|Any CPU = Release|Any CPU
		Release|x64 = Release|x64
		Release|x86 = Release|x86
	EndGlobalSection
	GlobalSection(ProjectConfigurationPlatforms) = postSolution
		{5605AC80-9150-4007-B44B-8D73F794DABC}.Debug|Any CPU.ActiveCfg = Debug|Any CPU
		{5605AC80-9150-4007-B44B-8D73F794DABC}.Debug|Any CPU.Build.0 = Debug|Any CPU
		{5605AC80-9150-4007-B44B-8D73F794DABC}.Debug|x64.ActiveCfg = Debug|x64
		{5605AC80-9150-4007-B44B-8D73F794DABC}.Debug|x64.Build.0 = Debug|x64
		{5605AC80-9150-4007-B44B-8D73F794DABC}.Debug|x86.ActiveCfg = Debug|x86
		{5605AC80-9150-4007-B44B-8D73F794DABC}.Debug|x86.Build.0 = Debug|x86
		{5605AC80-9150-4007-B44B-8D73F794DABC}.Release|Any CPU.ActiveCfg = Release|Any CPU
		{5605AC80-9150-4007-B44B-8D73F794DABC}.Release|Any CPU.Build.0 = Release|Any CPU
		{5605AC80-9150-4007-B44B-8D73F794DABC}.Release|x64.ActiveCfg = Release|x64
		{5605AC80-9150-4007-B44B-8D73F794DABC}.Release|x64.Build.0 = Release|x64
		{5605AC80-9150-4007-B44B-8D73F794DABC}.Release|x86.ActiveCfg = Release|x86
		{5605AC80-9150-4007-B44B-8D73F794DABC}.Release|x86.Build.0 = Release|x86
	EndGlobalSection
	GlobalSection(SolutionProperties) = preSolution
		HideSolutionNode = FALSE
	EndGlobalSection
	GlobalSection(ExtensibilityGlobals) = postSolution
		SolutionGuid = {448193CA-C278-4696-9D4B-ECFF983A1012}
	EndGlobalSection
EndGlobal
